
Microsoft Visual Studio Solution File, Format Version 12.00
# Visual Studio Version 17
VisualStudioVersion = 17.0.31903.59
MinimumVisualStudioVersion = 10.0.40219.1
Project("{2150E333-8FDC-42A3-9474-1A3956D46DE8}") = "src", "src", "{827E0CD3-B72D-47B6-A68D-7590B98EB39B}"
EndProject
Project("{FAE04EC0-301F-11D3-BF4B-00C04F79EFBC}") = "CarePulse.Api", "src\CarePulse.Api\CarePulse.Api.csproj", "{5A620585-AA54-4964-B813-8717A4488599}"
EndProject
Project("{FAE04EC0-301F-11D3-BF4B-00C04F79EFBC}") = "CarePulse.Application", "src\CarePulse.Application\CarePulse.Application.csproj", "{58BDC3B8-A12A-448E-9407-00EE79A1BDD7}"
EndProject
Project("{FAE04EC0-301F-11D3-BF4B-00C04F79EFBC}") = "CarePulse.Domain", "src\CarePulse.Domain\CarePulse.Domain.csproj", "{0E852208-D924-4B5C-98F3-875FEB5EC3B5}"
EndProject
Project("{FAE04EC0-301F-11D3-BF4B-00C04F79EFBC}") = "CarePulse.Infrastructure", "src\CarePulse.Infrastructure\CarePulse.Infrastructure.csproj", "{57160B46-2D0D-4E15-A052-70DE0E727F0D}"
EndProject
Project("{FAE04EC0-301F-11D3-BF4B-00C04F79EFBC}") = "CarePulse.Shared", "src\CarePulse.Shared\CarePulse.Shared.csproj", "{B221D8C0-3A3C-46D9-9605-E8927C003F70}"
EndProject
Project("{FAE04EC0-301F-11D3-BF4B-00C04F79EFBC}") = "CarePulse.UnitTests", "tests\CarePulse.UnitTests\CarePulse.UnitTests.csproj", "{CCB57D13-C25A-410A-9C25-E29651A8812F}"
EndProject
Project("{FAE04EC0-301F-11D3-BF4B-00C04F79EFBC}") = "CarePulse.IntegrationTests", "tests\CarePulse.IntegrationTests\CarePulse.IntegrationTests.csproj", "{C233A306-54A5-4DF9-996E-C4343BD85F4D}"
EndProject
Global
	GlobalSection(SolutionConfigurationPlatforms) = preSolution
		Debug|Any CPU = Debug|Any CPU
		Debug|x64 = Debug|x64
		Debug|x86 = Debug|x86
		Release|Any CPU = Release|Any CPU
		Release|x64 = Release|x64
		Release|x86 = Release|x86
	EndGlobalSection
	GlobalSection(ProjectConfigurationPlatforms) = postSolution
		{5A620585-AA54-4964-B813-8717A4488599}.Debug|Any CPU.ActiveCfg = Debug|Any CPU
		{5A620585-AA54-4964-B813-8717A4488599}.Debug|Any CPU.Build.0 = Debug|Any CPU
		{5A620585-AA54-4964-B813-8717A4488599}.Debug|x64.ActiveCfg = Debug|Any CPU
		{5A620585-AA54-4964-B813-8717A4488599}.Debug|x64.Build.0 = Debug|Any CPU
		{5A620585-AA54-4964-B813-8717A4488599}.Debug|x86.ActiveCfg = Debug|Any CPU
		{5A620585-AA54-4964-B813-8717A4488599}.Debug|x86.Build.0 = Debug|Any CPU
		{5A620585-AA54-4964-B813-8717A4488599}.Release|Any CPU.ActiveCfg = Release|Any CPU
		{5A620585-AA54-4964-B813-8717A4488599}.Release|Any CPU.Build.0 = Release|Any CPU
		{5A620585-AA54-4964-B813-8717A4488599}.Release|x64.ActiveCfg = Release|Any CPU
		{5A620585-AA54-4964-B813-8717A4488599}.Release|x64.Build.0 = Release|Any CPU
		{5A620585-AA54-4964-B813-8717A4488599}.Release|x86.ActiveCfg = Release|Any CPU
		{5A620585-AA54-4964-B813-8717A4488599}.Release|x86.Build.0 = Release|Any CPU
		{58BDC3B8-A12A-448E-9407-00EE79A1BDD7}.Debug|Any CPU.ActiveCfg = Debug|Any CPU
		{58BDC3B8-A12A-448E-9407-00EE79A1BDD7}.Debug|Any CPU.Build.0 = Debug|Any CPU
		{58BDC3B8-A12A-448E-9407-00EE79A1BDD7}.Debug|x64.ActiveCfg = Debug|Any CPU
		{58BDC3B8-A12A-448E-9407-00EE79A1BDD7}.Debug|x64.Build.0 = Debug|Any CPU
		{58BDC3B8-A12A-448E-9407-00EE79A1BDD7}.Debug|x86.ActiveCfg = Debug|Any CPU
		{58BDC3B8-A12A-448E-9407-00EE79A1BDD7}.Debug|x86.Build.0 = Debug|Any CPU
		{58BDC3B8-A12A-448E-9407-00EE79A1BDD7}.Release|Any CPU.ActiveCfg = Release|Any CPU
		{58BDC3B8-A12A-448E-9407-00EE79A1BDD7}.Release|Any CPU.Build.0 = Release|Any CPU
		{58BDC3B8-A12A-448E-9407-00EE79A1BDD7}.Release|x64.ActiveCfg = Release|Any CPU
		{58BDC3B8-A12A-448E-9407-00EE79A1BDD7}.Release|x64.Build.0 = Release|Any CPU
		{58BDC3B8-A12A-448E-9407-00EE79A1BDD7}.Release|x86.ActiveCfg = Release|Any CPU
		{58BDC3B8-A12A-448E-9407-00EE79A1BDD7}.Release|x86.Build.0 = Release|Any CPU
		{0E852208-D924-4B5C-98F3-875FEB5EC3B5}.Debug|Any CPU.ActiveCfg = Debug|Any CPU
		{0E852208-D924-4B5C-98F3-875FEB5EC3B5}.Debug|Any CPU.Build.0 = Debug|Any CPU
		{0E852208-D924-4B5C-98F3-875FEB5EC3B5}.Debug|x64.ActiveCfg = Debug|Any CPU
		{0E852208-D924-4B5C-98F3-875FEB5EC3B5}.Debug|x64.Build.0 = Debug|Any CPU
		{0E852208-D924-4B5C-98F3-875FEB5EC3B5}.Debug|x86.ActiveCfg = Debug|Any CPU
		{0E852208-D924-4B5C-98F3-875FEB5EC3B5}.Debug|x86.Build.0 = Debug|Any CPU
		{0E852208-D924-4B5C-98F3-875FEB5EC3B5}.Release|Any CPU.ActiveCfg = Release|Any CPU
		{0E852208-D924-4B5C-98F3-875FEB5EC3B5}.Release|Any CPU.Build.0 = Release|Any CPU
		{0E852208-D924-4B5C-98F3-875FEB5EC3B5}.Release|x64.ActiveCfg = Release|Any CPU
		{0E852208-D924-4B5C-98F3-875FEB5EC3B5}.Release|x64.Build.0 = Release|Any CPU
		{0E852208-D924-4B5C-98F3-875FEB5EC3B5}.Release|x86.ActiveCfg = Release|Any CPU
		{0E852208-D924-4B5C-98F3-875FEB5EC3B5}.Release|x86.Build.0 = Release|Any CPU
		{57160B46-2D0D-4E15-A052-70DE0E727F0D}.Debug|Any CPU.ActiveCfg = Debug|Any CPU
		{57160B46-2D0D-4E15-A052-70DE0E727F0D}.Debug|Any CPU.Build.0 = Debug|Any CPU
		{57160B46-2D0D-4E15-A052-70DE0E727F0D}.Debug|x64.ActiveCfg = Debug|Any CPU
		{57160B46-2D0D-4E15-A052-70DE0E727F0D}.Debug|x64.Build.0 = Debug|Any CPU
		{57160B46-2D0D-4E15-A052-70DE0E727F0D}.Debug|x86.ActiveCfg = Debug|Any CPU
		{57160B46-2D0D-4E15-A052-70DE0E727F0D}.Debug|x86.Build.0 = Debug|Any CPU
		{57160B46-2D0D-4E15-A052-70DE0E727F0D}.Release|Any CPU.ActiveCfg = Release|Any CPU
		{57160B46-2D0D-4E15-A052-70DE0E727F0D}.Release|Any CPU.Build.0 = Release|Any CPU
		{57160B46-2D0D-4E15-A052-70DE0E727F0D}.Release|x64.ActiveCfg = Release|Any CPU
		{57160B46-2D0D-4E15-A052-70DE0E727F0D}.Release|x64.Build.0 = Release|Any CPU
		{57160B46-2D0D-4E15-A052-70DE0E727F0D}.Release|x86.ActiveCfg = Release|Any CPU
		{57160B46-2D0D-4E15-A052-70DE0E727F0D}.Release|x86.Build.0 = Release|Any CPU
		{B221D8C0-3A3C-46D9-9605-E8927C003F70}.Debug|Any CPU.ActiveCfg = Debug|Any CPU
		{B221D8C0-3A3C-46D9-9605-E8927C003F70}.Debug|Any CPU.Build.0 = Debug|Any CPU
		{B221D8C0-3A3C-46D9-9605-E8927C003F70}.Debug|x64.ActiveCfg = Debug|Any CPU
		{B221D8C0-3A3C-46D9-9605-E8927C003F70}.Debug|x64.Build.0 = Debug|Any CPU
		{B221D8C0-3A3C-46D9-9605-E8927C003F70}.Debug|x86.ActiveCfg = Debug|Any CPU
		{B221D8C0-3A3C-46D9-9605-E8927C003F70}.Debug|x86.Build.0 = Debug|Any CPU
		{B221D8C0-3A3C-46D9-9605-E8927C003F70}.Release|Any CPU.ActiveCfg = Release|Any CPU
		{B221D8C0-3A3C-46D9-9605-E8927C003F70}.Release|Any CPU.Build.0 = Release|Any CPU
		{B221D8C0-3A3C-46D9-9605-E8927C003F70}.Release|x64.ActiveCfg = Release|Any CPU
		{B221D8C0-3A3C-46D9-9605-E8927C003F70}.Release|x64.Build.0 = Release|Any CPU
		{B221D8C0-3A3C-46D9-9605-E8927C003F70}.Release|x86.ActiveCfg = Release|Any CPU
		{B221D8C0-3A3C-46D9-9605-E8927C003F70}.Release|x86.Build.0 = Release|Any CPU
		{CCB57D13-C25A-410A-9C25-E29651A8812F}.Debug|Any CPU.ActiveCfg = Debug|Any CPU
		{CCB57D13-C25A-410A-9C25-E29651A8812F}.Debug|Any CPU.Build.0 = Debug|Any CPU
		{CCB57D13-C25A-410A-9C25-E29651A8812F}.Debug|x64.ActiveCfg = Debug|Any CPU
		{CCB57D13-C25A-410A-9C25-E29651A8812F}.Debug|x64.Build.0 = Debug|Any CPU
		{CCB57D13-C25A-410A-9C25-E29651A8812F}.Debug|x86.ActiveCfg = Debug|Any CPU
		{CCB57D13-C25A-410A-9C25-E29651A8812F}.Debug|x86.Build.0 = Debug|Any CPU
		{CCB57D13-C25A-410A-9C25-E29651A8812F}.Release|Any CPU.ActiveCfg = Release|Any CPU
		{CCB57D13-C25A-410A-9C25-E29651A8812F}.Release|Any CPU.Build.0 = Release|Any CPU
		{CCB57D13-C25A-410A-9C25-E29651A8812F}.Release|x64.ActiveCfg = Release|Any CPU
		{CCB57D13-C25A-410A-9C25-E29651A8812F}.Release|x64.Build.0 = Release|Any CPU
		{CCB57D13-C25A-410A-9C25-E29651A8812F}.Release|x86.ActiveCfg = Release|Any CPU
		{CCB57D13-C25A-410A-9C25-E29651A8812F}.Release|x86.Build.0 = Release|Any CPU
		{C233A306-54A5-4DF9-996E-C4343BD85F4D}.Debug|Any CPU.ActiveCfg = Debug|Any CPU
		{C233A306-54A5-4DF9-996E-C4343BD85F4D}.Debug|Any CPU.Build.0 = Debug|Any CPU
		{C233A306-54A5-4DF9-996E-C4343BD85F4D}.Debug|x64.ActiveCfg = Debug|Any CPU
		{C233A306-54A5-4DF9-996E-C4343BD85F4D}.Debug|x64.Build.0 = Debug|Any CPU
		{C233A306-54A5-4DF9-996E-C4343BD85F4D}.Debug|x86.ActiveCfg = Debug|Any CPU
		{C233A306-54A5-4DF9-996E-C4343BD85F4D}.Debug|x86.Build.0 = Debug|Any CPU
		{C233A306-54A5-4DF9-996E-C4343BD85F4D}.Release|Any CPU.ActiveCfg = Release|Any CPU
		{C233A306-54A5-4DF9-996E-C4343BD85F4D}.Release|Any CPU.Build.0 = Release|Any CPU
		{C233A306-54A5-4DF9-996E-C4343BD85F4D}.Release|x64.ActiveCfg = Release|Any CPU
		{C233A306-54A5-4DF9-996E-C4343BD85F4D}.Release|x64.Build.0 = Release|Any CPU
		{C233A306-54A5-4DF9-996E-C4343BD85F4D}.Release|x86.ActiveCfg = Release|Any CPU
		{C233A306-54A5-4DF9-996E-C4343BD85F4D}.Release|x86.Build.0 = Release|Any CPU
	EndGlobalSection
	GlobalSection(SolutionProperties) = preSolution
		HideSolutionNode = FALSE
	EndGlobalSection
	GlobalSection(NestedProjects) = preSolution
		{5A620585-AA54-4964-B813-8717A4488599} = {827E0CD3-B72D-47B6-A68D-7590B98EB39B}
		{58BDC3B8-A12A-448E-9407-00EE79A1BDD7} = {827E0CD3-B72D-47B6-A68D-7590B98EB39B}
		{0E852208-D924-4B5C-98F3-875FEB5EC3B5} = {827E0CD3-B72D-47B6-A68D-7590B98EB39B}
		{57160B46-2D0D-4E15-A052-70DE0E727F0D} = {827E0CD3-B72D-47B6-A68D-7590B98EB39B}
		{B221D8C0-3A3C-46D9-9605-E8927C003F70} = {827E0CD3-B72D-47B6-A68D-7590B98EB39B}
		{CCB57D13-C25A-410A-9C25-E29651A8812F} = {827E0CD3-B72D-47B6-A68D-7590B98EB39B}
		{C233A306-54A5-4DF9-996E-C4343BD85F4D} = {827E0CD3-B72D-47B6-A68D-7590B98EB39B}
	EndGlobalSection
EndGlobal
